
Microsoft Visual Studio Solution File, Format Version 12.00
# Visual Studio 15
VisualStudioVersion = 15.0.27004.2002
MinimumVisualStudioVersion = 10.0.40219.1
Project("{FAE04EC0-301F-11D3-BF4B-00C04F79EFBC}") = "WebServiceGeoPortalSalesiana", "WebServiceGeoPortalSalesiana\WebServiceGeoPortalSalesiana.csproj", "{2C85E2EC-4552-4D29-A354-277D700784DB}"
EndProject
Project("{FAE04EC0-301F-11D3-BF4B-00C04F79EFBC}") = "AccesoDatos", "AccesoDatos\AccesoDatos.csproj", "{FAC18874-B50D-4430-9601-E1EA6EFC25A3}"
EndProject
Global
	GlobalSection(SolutionConfigurationPlatforms) = preSolution
		Debug|Any CPU = Debug|Any CPU
		Release|Any CPU = Release|Any CPU
	EndGlobalSection
	GlobalSection(ProjectConfigurationPlatforms) = postSolution
		{2C85E2EC-4552-4D29-A354-277D700784DB}.Debug|Any CPU.ActiveCfg = Debug|Any CPU
		{2C85E2EC-4552-4D29-A354-277D700784DB}.Debug|Any CPU.Build.0 = Debug|Any CPU
		{2C85E2EC-4552-4D29-A354-277D700784DB}.Release|Any CPU.ActiveCfg = Release|Any CPU
		{2C85E2EC-4552-4D29-A354-277D700784DB}.Release|Any CPU.Build.0 = Release|Any CPU
		{FAC18874-B50D-4430-9601-E1EA6EFC25A3}.Debug|Any CPU.ActiveCfg = Debug|Any CPU
		{FAC18874-B50D-4430-9601-E1EA6EFC25A3}.Debug|Any CPU.Build.0 = Debug|Any CPU
		{FAC18874-B50D-4430-9601-E1EA6EFC25A3}.Release|Any CPU.ActiveCfg = Release|Any CPU
		{FAC18874-B50D-4430-9601-E1EA6EFC25A3}.Release|Any CPU.Build.0 = Release|Any CPU
	EndGlobalSection
	GlobalSection(SolutionProperties) = preSolution
		HideSolutionNode = FALSE
	EndGlobalSection
	GlobalSection(ExtensibilityGlobals) = postSolution
		SolutionGuid = {40236BF0-A2C0-4504-962C-16E9D110234C}
	EndGlobalSection
EndGlobal
